hash: b847ad490e4be6aacfc0ce2c9e6b40219b4c73fe294eef4931367cdc5bd664dc
updated: 2017-02-23T15:00:20.044365681+08:00
imports:
- name: google.golang.org/api
  version: 55146ba61254fdb1c26d65ff3c04bc1611ad73fb
  subpackages:
  - gensupport
  - googleapi
- name: gopkg.in/check.v1
  version: 20d25e2804050c1cd24a7eea1e7a6447dd0e74ec
testImports:
- name: github.com/golang/protobuf
  version: 2402d76f3d41f928c7902a765dfc872356dd3aad
  subpackages:
  - proto
- name: golang.org/x/net
  version: 749a502dd1eaf3e5bfd4f8956748c502357c0bbe
  subpackages:
  - context
- name: golang.org/x/oauth2
  version: 314dd2c0bf3ebd592ec0d20847d27e79d0dbe8dd
  subpackages:
  - internal
- name: google.golang.org/appengine
  version: 08a149cfaee099e6ce4be01c0113a78c85ee1dee
  subpackages:
  - internal
  - internal/base
  - internal/datastore
  - internal/log
  - internal/remote_api
  - internal/urlfetch
  - urlfetch
